
Microsoft Visual Studio Solution File, Format Version 12.00
# Visual Studio Version 16
VisualStudioVersion = 16.0.30907.101
MinimumVisualStudioVersion = 10.0.40219.1
Project("{FAE04EC0-301F-11D3-BF4B-00C04F79EFBC}") = "UserAPI", "UserAPI\UserAPI.csproj", "{8520085C-99E4-40A0-9C49-839D15C9D710}"
EndProject
Project("{FAE04EC0-301F-11D3-BF4B-00C04F79EFBC}") = "QuestionAPI", "QuestionAPI\QuestionAPI.csproj", "{1CE359A6-051A-47E8-BAD0-F260406E5980}"
EndProject
Project("{FAE04EC0-301F-11D3-BF4B-00C04F79EFBC}") = "AnswerAPI", "AnswerAPI\AnswerAPI.csproj", "{53B0CCB5-37A7-4F6A-8D3E-9788A9738B81}"
EndProject
Project("{FAE04EC0-301F-11D3-BF4B-00C04F79EFBC}") = "SharedModels", "SharedModels\SharedModels.csproj", "{0A5F9403-4618-4ECA-BEEE-5FED6988044F}"
EndProject
Global
	GlobalSection(SolutionConfigurationPlatforms) = preSolution
		Debug|Any CPU = Debug|Any CPU
		Release|Any CPU = Release|Any CPU
	EndGlobalSection
	GlobalSection(ProjectConfigurationPlatforms) = postSolution
		{8520085C-99E4-40A0-9C49-839D15C9D710}.Debug|Any CPU.ActiveCfg = Debug|Any CPU
		{8520085C-99E4-40A0-9C49-839D15C9D710}.Debug|Any CPU.Build.0 = Debug|Any CPU
		{8520085C-99E4-40A0-9C49-839D15C9D710}.Release|Any CPU.ActiveCfg = Release|Any CPU
		{8520085C-99E4-40A0-9C49-839D15C9D710}.Release|Any CPU.Build.0 = Release|Any CPU
		{1CE359A6-051A-47E8-BAD0-F260406E5980}.Debug|Any CPU.ActiveCfg = Debug|Any CPU
		{1CE359A6-051A-47E8-BAD0-F260406E5980}.Debug|Any CPU.Build.0 = Debug|Any CPU
		{1CE359A6-051A-47E8-BAD0-F260406E5980}.Release|Any CPU.ActiveCfg = Release|Any CPU
		{1CE359A6-051A-47E8-BAD0-F260406E5980}.Release|Any CPU.Build.0 = Release|Any CPU
		{53B0CCB5-37A7-4F6A-8D3E-9788A9738B81}.Debug|Any CPU.ActiveCfg = Debug|Any CPU
		{53B0CCB5-37A7-4F6A-8D3E-9788A9738B81}.Debug|Any CPU.Build.0 = Debug|Any CPU
		{53B0CCB5-37A7-4F6A-8D3E-9788A9738B81}.Release|Any CPU.ActiveCfg = Release|Any CPU
		{53B0CCB5-37A7-4F6A-8D3E-9788A9738B81}.Release|Any CPU.Build.0 = Release|Any CPU
		{0A5F9403-4618-4ECA-BEEE-5FED6988044F}.Debug|Any CPU.ActiveCfg = Debug|Any CPU
		{0A5F9403-4618-4ECA-BEEE-5FED6988044F}.Debug|Any CPU.Build.0 = Debug|Any CPU
		{0A5F9403-4618-4ECA-BEEE-5FED6988044F}.Release|Any CPU.ActiveCfg = Release|Any CPU
		{0A5F9403-4618-4ECA-BEEE-5FED6988044F}.Release|Any CPU.Build.0 = Release|Any CPU
	EndGlobalSection
	GlobalSection(SolutionProperties) = preSolution
		HideSolutionNode = FALSE
	EndGlobalSection
	GlobalSection(ExtensibilityGlobals) = postSolution
		SolutionGuid = {C07E24C1-38F3-4B8C-92CE-22CC3BBFABF7}
	EndGlobalSection
EndGlobal
